
Microsoft Visual Studio Solution File, Format Version 12.00
# Visual Studio Version 16
VisualStudioVersion = 16.0.28803.352
MinimumVisualStudioVersion = 10.0.40219.1
Project("{FAE04EC0-301F-11D3-BF4B-00C04F79EFBC}") = "SamsungIoTClient.Android", "SamsungIoTClient\SamsungIoTClient.Android\SamsungIoTClient.Android.csproj", "{E02C4A15-860F-463E-9038-1F215A2B6D2A}"
EndProject
Project("{9A19103F-16F7-4668-BE54-9A1E7A4F7556}") = "SamsungIoTClient", "SamsungIoTClient\SamsungIoTClient\SamsungIoTClient.csproj", "{19712189-113D-41C4-90CD-58CD1F17BB5F}"
EndProject
Project("{FAE04EC0-301F-11D3-BF4B-00C04F79EFBC}") = "Shared", "Shared\Shared.csproj", "{04A406E3-792F-4765-86F7-F36DC7B74123}"
EndProject
Project("{FAE04EC0-301F-11D3-BF4B-00C04F79EFBC}") = "SamsungIoTWebAPI", "SamsungIoTWebAPI\SamsungIoTWebAPI.csproj", "{CFD35308-9CB3-47F1-BDDB-0D166F1FB8A3}"
EndProject
Global
	GlobalSection(SolutionConfigurationPlatforms) = preSolution
		Debug|Any CPU = Debug|Any CPU
		Debug|iPhone = Debug|iPhone
		Debug|iPhoneSimulator = Debug|iPhoneSimulator
		Release|Any CPU = Release|Any CPU
		Release|iPhone = Release|iPhone
		Release|iPhoneSimulator = Release|iPhoneSimulator
	EndGlobalSection
	GlobalSection(ProjectConfigurationPlatforms) = postSolution
		{E02C4A15-860F-463E-9038-1F215A2B6D2A}.Debug|Any CPU.ActiveCfg = Debug|Any CPU
		{E02C4A15-860F-463E-9038-1F215A2B6D2A}.Debug|Any CPU.Build.0 = Debug|Any CPU
		{E02C4A15-860F-463E-9038-1F215A2B6D2A}.Debug|Any CPU.Deploy.0 = Debug|Any CPU
		{E02C4A15-860F-463E-9038-1F215A2B6D2A}.Debug|iPhone.ActiveCfg = Debug|Any CPU
		{E02C4A15-860F-463E-9038-1F215A2B6D2A}.Debug|iPhone.Build.0 = Debug|Any CPU
		{E02C4A15-860F-463E-9038-1F215A2B6D2A}.Debug|iPhone.Deploy.0 = Debug|Any CPU
		{E02C4A15-860F-463E-9038-1F215A2B6D2A}.Debug|iPhoneSimulator.ActiveCfg = Debug|Any CPU
		{E02C4A15-860F-463E-9038-1F215A2B6D2A}.Debug|iPhoneSimulator.Build.0 = Debug|Any CPU
		{E02C4A15-860F-463E-9038-1F215A2B6D2A}.Debug|iPhoneSimulator.Deploy.0 = Debug|Any CPU
		{E02C4A15-860F-463E-9038-1F215A2B6D2A}.Release|Any CPU.ActiveCfg = Release|Any CPU
		{E02C4A15-860F-463E-9038-1F215A2B6D2A}.Release|Any CPU.Build.0 = Release|Any CPU
		{E02C4A15-860F-463E-9038-1F215A2B6D2A}.Release|Any CPU.Deploy.0 = Release|Any CPU
		{E02C4A15-860F-463E-9038-1F215A2B6D2A}.Release|iPhone.ActiveCfg = Release|Any CPU
		{E02C4A15-860F-463E-9038-1F215A2B6D2A}.Release|iPhone.Build.0 = Release|Any CPU
		{E02C4A15-860F-463E-9038-1F215A2B6D2A}.Release|iPhone.Deploy.0 = Release|Any CPU
		{E02C4A15-860F-463E-9038-1F215A2B6D2A}.Release|iPhoneSimulator.ActiveCfg = Release|Any CPU
		{E02C4A15-860F-463E-9038-1F215A2B6D2A}.Release|iPhoneSimulator.Build.0 = Release|Any CPU
		{E02C4A15-860F-463E-9038-1F215A2B6D2A}.Release|iPhoneSimulator.Deploy.0 = Release|Any CPU
		{19712189-113D-41C4-90CD-58CD1F17BB5F}.Debug|Any CPU.ActiveCfg = Debug|Any CPU
		{19712189-113D-41C4-90CD-58CD1F17BB5F}.Debug|Any CPU.Build.0 = Debug|Any CPU
		{19712189-113D-41C4-90CD-58CD1F17BB5F}.Debug|Any CPU.Deploy.0 = Debug|Any CPU
		{19712189-113D-41C4-90CD-58CD1F17BB5F}.Debug|iPhone.ActiveCfg = Debug|Any CPU
		{19712189-113D-41C4-90CD-58CD1F17BB5F}.Debug|iPhone.Build.0 = Debug|Any CPU
		{19712189-113D-41C4-90CD-58CD1F17BB5F}.Debug|iPhone.Deploy.0 = Debug|Any CPU
		{19712189-113D-41C4-90CD-58CD1F17BB5F}.Debug|iPhoneSimulator.ActiveCfg = Debug|Any CPU
		{19712189-113D-41C4-90CD-58CD1F17BB5F}.Debug|iPhoneSimulator.Build.0 = Debug|Any CPU
		{19712189-113D-41C4-90CD-58CD1F17BB5F}.Debug|iPhoneSimulator.Deploy.0 = Debug|Any CPU
		{19712189-113D-41C4-90CD-58CD1F17BB5F}.Release|Any CPU.ActiveCfg = Release|Any CPU
		{19712189-113D-41C4-90CD-58CD1F17BB5F}.Release|Any CPU.Build.0 = Release|Any CPU
		{19712189-113D-41C4-90CD-58CD1F17BB5F}.Release|Any CPU.Deploy.0 = Release|Any CPU
		{19712189-113D-41C4-90CD-58CD1F17BB5F}.Release|iPhone.ActiveCfg = Release|Any CPU
		{19712189-113D-41C4-90CD-58CD1F17BB5F}.Release|iPhone.Build.0 = Release|Any CPU
		{19712189-113D-41C4-90CD-58CD1F17BB5F}.Release|iPhone.Deploy.0 = Release|Any CPU
		{19712189-113D-41C4-90CD-58CD1F17BB5F}.Release|iPhoneSimulator.ActiveCfg = Release|Any CPU
		{19712189-113D-41C4-90CD-58CD1F17BB5F}.Release|iPhoneSimulator.Build.0 = Release|Any CPU
		{19712189-113D-41C4-90CD-58CD1F17BB5F}.Release|iPhoneSimulator.Deploy.0 = Release|Any CPU
		{04A406E3-792F-4765-86F7-F36DC7B74123}.Debug|Any CPU.ActiveCfg = Debug|Any CPU
		{04A406E3-792F-4765-86F7-F36DC7B74123}.Debug|Any CPU.Build.0 = Debug|Any CPU
		{04A406E3-792F-4765-86F7-F36DC7B74123}.Debug|iPhone.ActiveCfg = Debug|Any CPU
		{04A406E3-792F-4765-86F7-F36DC7B74123}.Debug|iPhone.Build.0 = Debug|Any CPU
		{04A406E3-792F-4765-86F7-F36DC7B74123}.Debug|iPhoneSimulator.ActiveCfg = Debug|Any CPU
		{04A406E3-792F-4765-86F7-F36DC7B74123}.Debug|iPhoneSimulator.Build.0 = Debug|Any CPU
		{04A406E3-792F-4765-86F7-F36DC7B74123}.Release|Any CPU.ActiveCfg = Release|Any CPU
		{04A406E3-792F-4765-86F7-F36DC7B74123}.Release|Any CPU.Build.0 = Release|Any CPU
		{04A406E3-792F-4765-86F7-F36DC7B74123}.Release|iPhone.ActiveCfg = Release|Any CPU
		{04A406E3-792F-4765-86F7-F36DC7B74123}.Release|iPhone.Build.0 = Release|Any CPU
		{04A406E3-792F-4765-86F7-F36DC7B74123}.Release|iPhoneSimulator.ActiveCfg = Release|Any CPU
		{04A406E3-792F-4765-86F7-F36DC7B74123}.Release|iPhoneSimulator.Build.0 = Release|Any CPU
		{CFD35308-9CB3-47F1-BDDB-0D166F1FB8A3}.Debug|Any CPU.ActiveCfg = Debug|Any CPU
		{CFD35308-9CB3-47F1-BDDB-0D166F1FB8A3}.Debug|Any CPU.Build.0 = Debug|Any CPU
		{CFD35308-9CB3-47F1-BDDB-0D166F1FB8A3}.Debug|iPhone.ActiveCfg = Debug|Any CPU
		{CFD35308-9CB3-47F1-BDDB-0D166F1FB8A3}.Debug|iPhone.Build.0 = Debug|Any CPU
		{CFD35308-9CB3-47F1-BDDB-0D166F1FB8A3}.Debug|iPhoneSimulator.ActiveCfg = Debug|Any CPU
		{CFD35308-9CB3-47F1-BDDB-0D166F1FB8A3}.Debug|iPhoneSimulator.Build.0 = Debug|Any CPU
		{CFD35308-9CB3-47F1-BDDB-0D166F1FB8A3}.Release|Any CPU.ActiveCfg = Release|Any CPU
		{CFD35308-9CB3-47F1-BDDB-0D166F1FB8A3}.Release|Any CPU.Build.0 = Release|Any CPU
		{CFD35308-9CB3-47F1-BDDB-0D166F1FB8A3}.Release|iPhone.ActiveCfg = Release|Any CPU
		{CFD35308-9CB3-47F1-BDDB-0D166F1FB8A3}.Release|iPhone.Build.0 = Release|Any CPU
		{CFD35308-9CB3-47F1-BDDB-0D166F1FB8A3}.Release|iPhoneSimulator.ActiveCfg = Release|Any CPU
		{CFD35308-9CB3-47F1-BDDB-0D166F1FB8A3}.Release|iPhoneSimulator.Build.0 = Release|Any CPU
	EndGlobalSection
	GlobalSection(SolutionProperties) = preSolution
		HideSolutionNode = FALSE
	EndGlobalSection
	GlobalSection(ExtensibilityGlobals) = postSolution
		SolutionGuid = {7166EE95-1346-4FFB-A7DB-5ED8CE164A35}
	EndGlobalSection
EndGlobal
